
Microsoft Visual Studio Solution File, Format Version 12.00
# Visual Studio Version 17
VisualStudioVersion = 17.0.31912.275
MinimumVisualStudioVersion = 10.0.40219.1
Project("{C7167F0D-BC9F-4E6E-AFE1-012C56B48DB5}") = "CpuBoostAnalyzer (Package)", "CpuBoostAnalyzer (Package)\CpuBoostAnalyzer (Package).wapproj", "{C2C34901-0795-4E5A-A6CB-80F90F748071}"
EndProject
Project("{FAE04EC0-301F-11D3-BF4B-00C04F79EFBC}") = "CpuBoostAnalyzer", "CpuBoostAnalyzer\CpuBoostAnalyzer.csproj", "{CB95F774-C9A3-4544-B241-BE343D349340}"
EndProject
Global
	GlobalSection(SolutionConfigurationPlatforms) = preSolution
		Debug|arm64 = Debug|arm64
		Debug|x64 = Debug|x64
		Debug|x86 = Debug|x86
		Release|arm64 = Release|arm64
		Release|x64 = Release|x64
		Release|x86 = Release|x86
	EndGlobalSection
	GlobalSection(ProjectConfigurationPlatforms) = postSolution
		{C2C34901-0795-4E5A-A6CB-80F90F748071}.Debug|arm64.ActiveCfg = Debug|arm64
		{C2C34901-0795-4E5A-A6CB-80F90F748071}.Debug|arm64.Build.0 = Debug|arm64
		{C2C34901-0795-4E5A-A6CB-80F90F748071}.Debug|arm64.Deploy.0 = Debug|arm64
		{C2C34901-0795-4E5A-A6CB-80F90F748071}.Debug|x64.ActiveCfg = Debug|x64
		{C2C34901-0795-4E5A-A6CB-80F90F748071}.Debug|x64.Build.0 = Debug|x64
		{C2C34901-0795-4E5A-A6CB-80F90F748071}.Debug|x64.Deploy.0 = Debug|x64
		{C2C34901-0795-4E5A-A6CB-80F90F748071}.Debug|x86.ActiveCfg = Debug|x86
		{C2C34901-0795-4E5A-A6CB-80F90F748071}.Debug|x86.Build.0 = Debug|x86
		{C2C34901-0795-4E5A-A6CB-80F90F748071}.Debug|x86.Deploy.0 = Debug|x86
		{C2C34901-0795-4E5A-A6CB-80F90F748071}.Release|arm64.ActiveCfg = Release|arm64
		{C2C34901-0795-4E5A-A6CB-80F90F748071}.Release|arm64.Build.0 = Release|arm64
		{C2C34901-0795-4E5A-A6CB-80F90F748071}.Release|arm64.Deploy.0 = Release|arm64
		{C2C34901-0795-4E5A-A6CB-80F90F748071}.Release|x64.ActiveCfg = Release|x64
		{C2C34901-0795-4E5A-A6CB-80F90F748071}.Release|x64.Build.0 = Release|x64
		{C2C34901-0795-4E5A-A6CB-80F90F748071}.Release|x64.Deploy.0 = Release|x64
		{C2C34901-0795-4E5A-A6CB-80F90F748071}.Release|x86.ActiveCfg = Release|x86
		{C2C34901-0795-4E5A-A6CB-80F90F748071}.Release|x86.Build.0 = Release|x86
		{C2C34901-0795-4E5A-A6CB-80F90F748071}.Release|x86.Deploy.0 = Release|x86
		{CB95F774-C9A3-4544-B241-BE343D349340}.Debug|arm64.ActiveCfg = Debug|arm64
		{CB95F774-C9A3-4544-B241-BE343D349340}.Debug|arm64.Build.0 = Debug|arm64
		{CB95F774-C9A3-4544-B241-BE343D349340}.Debug|x64.ActiveCfg = Debug|x64
		{CB95F774-C9A3-4544-B241-BE343D349340}.Debug|x64.Build.0 = Debug|x64
		{CB95F774-C9A3-4544-B241-BE343D349340}.Debug|x86.ActiveCfg = Debug|x86
		{CB95F774-C9A3-4544-B241-BE343D349340}.Debug|x86.Build.0 = Debug|x86
		{CB95F774-C9A3-4544-B241-BE343D349340}.Release|arm64.ActiveCfg = Release|arm64
		{CB95F774-C9A3-4544-B241-BE343D349340}.Release|arm64.Build.0 = Release|arm64
		{CB95F774-C9A3-4544-B241-BE343D349340}.Release|x64.ActiveCfg = Release|x64
		{CB95F774-C9A3-4544-B241-BE343D349340}.Release|x64.Build.0 = Release|x64
		{CB95F774-C9A3-4544-B241-BE343D349340}.Release|x86.ActiveCfg = Release|x86
		{CB95F774-C9A3-4544-B241-BE343D349340}.Release|x86.Build.0 = Release|x86
	EndGlobalSection
	GlobalSection(SolutionProperties) = preSolution
		HideSolutionNode = FALSE
	EndGlobalSection
	GlobalSection(ExtensibilityGlobals) = postSolution
		SolutionGuid = {B0415C96-DA1E-4417-8612-4AADC630CDDC}
	EndGlobalSection
EndGlobal
